
Microsoft Visual Studio Solution File, Format Version 12.00
# Visual Studio Version 17
VisualStudioVersion = 17.5.002.0
MinimumVisualStudioVersion = 10.0.40219.1
Project("{9A19103F-16F7-4668-BE54-9A1E7A4F7556}") = "14-question-program-MrLuyk-1", "14-question-program-MrLuyk-1.csproj", "{5C92E6F3-180A-41D0-BD4E-E0E00EE0B8AC}"
EndProject
Global
	GlobalSection(SolutionConfigurationPlatforms) = preSolution
		Debug|Any CPU = Debug|Any CPU
		Release|Any CPU = Release|Any CPU
	EndGlobalSection
	GlobalSection(ProjectConfigurationPlatforms) = postSolution
		{5C92E6F3-180A-41D0-BD4E-E0E00EE0B8AC}.Debug|Any CPU.ActiveCfg = Debug|Any CPU
		{5C92E6F3-180A-41D0-BD4E-E0E00EE0B8AC}.Debug|Any CPU.Build.0 = Debug|Any CPU
		{5C92E6F3-180A-41D0-BD4E-E0E00EE0B8AC}.Release|Any CPU.ActiveCfg = Release|Any CPU
		{5C92E6F3-180A-41D0-BD4E-E0E00EE0B8AC}.Release|Any CPU.Build.0 = Release|Any CPU
	EndGlobalSection
	GlobalSection(SolutionProperties) = preSolution
		HideSolutionNode = FALSE
	EndGlobalSection
	GlobalSection(ExtensibilityGlobals) = postSolution
		SolutionGuid = {30B3A5F7-DD6B-4B55-85B1-7466E7F95EDB}
	EndGlobalSection
EndGlobal
